// !$*UTF8*$!
{
	archiveVersion = 1;
	classes = {
	};
	objectVersion = 48;
	objects = {

/* Begin PBXBuildFile section */
		1024BE0F99235D9170BD173D /* Pods_SmartAlbum.framework in Frameworks */ = {isa = PBXBuildFile; fileRef = F066B75137EAE8C052DF8F30 /* Pods_SmartAlbum.framework */; };
		74366F071FC6B88900CE6300 /* AppDelegate.swift in Sources */ = {isa = PBXBuildFile; fileRef = 74366F061FC6B88900CE6300 /* AppDelegate.swift */; };
		74366F0C1FC6B88900CE6300 /* Main.storyboard in Resources */ = {isa = PBXBuildFile; fileRef = 74366F0A1FC6B88900CE6300 /* Main.storyboard */; };
		74366F0E1FC6B88900CE6300 /* Assets.xcassets in Resources */ = {isa = PBXBuildFile; fileRef = 74366F0D1FC6B88900CE6300 /* Assets.xcassets */; };
		74366F111FC6B88900CE6300 /* LaunchScreen.storyboard in Resources */ = {isa = PBXBuildFile; fileRef = 74366F0F1FC6B88900CE6300 /* LaunchScreen.storyboard */; };
		74366F1A1FC6BD2700CE6300 /* AlbumDataModel.swift in Sources */ = {isa = PBXBuildFile; fileRef = 74366F191FC6BD2700CE6300 /* AlbumDataModel.swift */; };
		74366F1C1FC6BD2D00CE6300 /* AlbumListCell.swift in Sources */ = {isa = PBXBuildFile; fileRef = 74366F1B1FC6BD2D00CE6300 /* AlbumListCell.swift */; };
		74366F1E1FC6BD3700CE6300 /* AlbumListVC.swift in Sources */ = {isa = PBXBuildFile; fileRef = 74366F1D1FC6BD3700CE6300 /* AlbumListVC.swift */; };
		74366F211FC6BD6900CE6300 /* PictureCell.swift in Sources */ = {isa = PBXBuildFile; fileRef = 74366F201FC6BD6900CE6300 /* PictureCell.swift */; };
		74366F231FC6BDB100CE6300 /* AlbumVC.swift in Sources */ = {isa = PBXBuildFile; fileRef = 74366F221FC6BDB100CE6300 /* AlbumVC.swift */; };
		74366F261FC6BE5500CE6300 /* DBManager.swift in Sources */ = {isa = PBXBuildFile; fileRef = 74366F251FC6BE5500CE6300 /* DBManager.swift */; };
		74366F281FC6BE8600CE6300 /* Picture.swift in Sources */ = {isa = PBXBuildFile; fileRef = 74366F271FC6BE8600CE6300 /* Picture.swift */; };
		74366F321FC6F13600CE6300 /* MobileNet.mlmodel in Sources */ = {isa = PBXBuildFile; fileRef = 74366F311FC6F13600CE6300 /* MobileNet.mlmodel */; };
		74366F361FC6F14500CE6300 /* MLHelper.swift in Sources */ = {isa = PBXBuildFile; fileRef = 74366F351FC6F14500CE6300 /* MLHelper.swift */; };
		74AA735C1FC6F66A00A5B37C /* LocationServices.swift in Sources */ = {isa = PBXBuildFile; fileRef = 74AA735B1FC6F66A00A5B37C /* LocationServices.swift */; };
		74AA735E1FC6FBA400A5B37C /* TestVC.swift in Sources */ = {isa = PBXBuildFile; fileRef = 74AA735D1FC6FBA400A5B37C /* TestVC.swift */; };
		7BF9A9851FC6C50D0018F4E6 /* PhotoLibrary.swift in Sources */ = {isa = PBXBuildFile; fileRef = 7BF9A9841FC6C50D0018F4E6 /* PhotoLibrary.swift */; };
		7BF9A9921FC6E5120018F4E6 /* BaseVC.swift in Sources */ = {isa = PBXBuildFile; fileRef = 7BF9A9911FC6E5120018F4E6 /* BaseVC.swift */; };
		7BF9A9941FC6E66F0018F4E6 /* ContentVC.swift in Sources */ = {isa = PBXBuildFile; fileRef = 7BF9A9931FC6E66F0018F4E6 /* ContentVC.swift */; };
		7BF9A9961FC6EA9A0018F4E6 /* Viewer.swift in Sources */ = {isa = PBXBuildFile; fileRef = 7BF9A9951FC6EA9A0018F4E6 /* Viewer.swift */; };
		7BF9A9981FC721940018F4E6 /* Date+Photo.swift in Sources */ = {isa = PBXBuildFile; fileRef = 7BF9A9971FC721940018F4E6 /* Date+Photo.swift */; };
/* End PBXBuildFile section */

/* Begin PBXFileReference section */
		44D6E1B28416DD013EB48959 /* Pods-SmartAlbum.release.xcconfig */ = {isa = PBXFileReference; includeInIndex = 1; lastKnownFileType = text.xcconfig; name = "Pods-SmartAlbum.release.xcconfig"; path = "Pods/Target Support Files/Pods-SmartAlbum/Pods-SmartAlbum.release.xcconfig"; sourceTree = "<group>"; };
		74366F031FC6B88900CE6300 /* SmartAlbum.app */ = {isa = PBXFileReference; explicitFileType = wrapper.application; includeInIndex = 0; path = SmartAlbum.app; sourceTree = BUILT_PRODUCTS_DIR; };
		74366F061FC6B88900CE6300 /* AppDelegate.swift */ = {isa = PBXFileReference; lastKnownFileType = sourcecode.swift; path = AppDelegate.swift; sourceTree = "<group>"; };
		74366F0B1FC6B88900CE6300 /* Base */ = {isa = PBXFileReference; lastKnownFileType = file.storyboard; name = Base; path = Base.lproj/Main.storyboard; sourceTree = "<group>"; };
		74366F0D1FC6B88900CE6300 /* Assets.xcassets */ = {isa = PBXFileReference; lastKnownFileType = folder.assetcatalog; path = Assets.xcassets; sourceTree = "<group>"; };
		74366F101FC6B88900CE6300 /* Base */ = {isa = PBXFileReference; lastKnownFileType = file.storyboard; name = Base; path = Base.lproj/LaunchScreen.storyboard; sourceTree = "<group>"; };
		74366F121FC6B88900CE6300 /* Info.plist */ = {isa = PBXFileReference; lastKnownFileType = text.plist.xml; path = Info.plist; sourceTree = "<group>"; };
		74366F191FC6BD2700CE6300 /* AlbumDataModel.swift */ = {isa = PBXFileReference; lastKnownFileType = sourcecode.swift; path = AlbumDataModel.swift; sourceTree = "<group>"; };
		74366F1B1FC6BD2D00CE6300 /* AlbumListCell.swift */ = {isa = PBXFileReference; lastKnownFileType = sourcecode.swift; path = AlbumListCell.swift; sourceTree = "<group>"; };
		74366F1D1FC6BD3700CE6300 /* AlbumListVC.swift */ = {isa = PBXFileReference; lastKnownFileType = sourcecode.swift; path = AlbumListVC.swift; sourceTree = "<group>"; };
		74366F201FC6BD6900CE6300 /* PictureCell.swift */ = {isa = PBXFileReference; lastKnownFileType = sourcecode.swift; path = PictureCell.swift; sourceTree = "<group>"; };
		74366F221FC6BDB100CE6300 /* AlbumVC.swift */ = {isa = PBXFileReference; lastKnownFileType = sourcecode.swift; path = AlbumVC.swift; sourceTree = "<group>"; };
		74366F251FC6BE5500CE6300 /* DBManager.swift */ = {isa = PBXFileReference; lastKnownFileType = sourcecode.swift; path = DBManager.swift; sourceTree = "<group>"; };
		74366F271FC6BE8600CE6300 /* Picture.swift */ = {isa = PBXFileReference; lastKnownFileType = sourcecode.swift; path = Picture.swift; sourceTree = "<group>"; };
		74366F311FC6F13600CE6300 /* MobileNet.mlmodel */ = {isa = PBXFileReference; lastKnownFileType = file.mlmodel; path = MobileNet.mlmodel; sourceTree = "<group>"; };
		74366F351FC6F14500CE6300 /* MLHelper.swift */ = {isa = PBXFileReference; lastKnownFileType = sourcecode.swift; path = MLHelper.swift; sourceTree = "<group>"; };
		74AA735B1FC6F66A00A5B37C /* LocationServices.swift */ = {isa = PBXFileReference; lastKnownFileType = sourcecode.swift; path = LocationServices.swift; sourceTree = "<group>"; };
		74AA735D1FC6FBA400A5B37C /* TestVC.swift */ = {isa = PBXFileReference; lastKnownFileType = sourcecode.swift; path = TestVC.swift; sourceTree = "<group>"; };
		7BF9A9841FC6C50D0018F4E6 /* PhotoLibrary.swift */ = {isa = PBXFileReference; lastKnownFileType = sourcecode.swift; path = PhotoLibrary.swift; sourceTree = "<group>"; };
		7BF9A9911FC6E5120018F4E6 /* BaseVC.swift */ = {isa = PBXFileReference; lastKnownFileType = sourcecode.swift; path = BaseVC.swift; sourceTree = "<group>"; };
		7BF9A9931FC6E66F0018F4E6 /* ContentVC.swift */ = {isa = PBXFileReference; lastKnownFileType = sourcecode.swift; path = ContentVC.swift; sourceTree = "<group>"; };
		7BF9A9951FC6EA9A0018F4E6 /* Viewer.swift */ = {isa = PBXFileReference; lastKnownFileType = sourcecode.swift; path = Viewer.swift; sourceTree = "<group>"; };
		7BF9A9971FC721940018F4E6 /* Date+Photo.swift */ = {isa = PBXFileReference; lastKnownFileType = sourcecode.swift; path = "Date+Photo.swift"; sourceTree = "<group>"; };
		F066B75137EAE8C052DF8F30 /* Pods_SmartAlbum.framework */ = {isa = PBXFileReference; explicitFileType = wrapper.framework; includeInIndex = 0; path = Pods_SmartAlbum.framework; sourceTree = BUILT_PRODUCTS_DIR; };
		F8A9DCD180C3BB914CC637F1 /* Pods-SmartAlbum.debug.xcconfig */ = {isa = PBXFileReference; includeInIndex = 1; lastKnownFileType = text.xcconfig; name = "Pods-SmartAlbum.debug.xcconfig"; path = "Pods/Target Support Files/Pods-SmartAlbum/Pods-SmartAlbum.debug.xcconfig"; sourceTree = "<group>"; };
/* End PBXFileReference section */

/* Begin PBXFrameworksBuildPhase section */
		74366F001FC6B88900CE6300 /* Frameworks */ = {
			isa = PBXFrameworksBuildPhase;
			buildActionMask = 2147483647;
			files = (
				1024BE0F99235D9170BD173D /* Pods_SmartAlbum.framework in Frameworks */,
			);
			runOnlyForDeploymentPostprocessing = 0;
		};
/* End PBXFrameworksBuildPhase section */

/* Begin PBXGroup section */
		74366EFA1FC6B88900CE6300 = {
			isa = PBXGroup;
			children = (
				74366F051FC6B88900CE6300 /* SmartAlbum */,
				74366F041FC6B88900CE6300 /* Products */,
				CD8BE36C72FC3F6995325E21 /* Pods */,
				E7A2A37F3970581D91EC1EEB /* Frameworks */,
			);
			sourceTree = "<group>";
		};
		74366F041FC6B88900CE6300 /* Products */ = {
			isa = PBXGroup;
			children = (
				74366F031FC6B88900CE6300 /* SmartAlbum.app */,
			);
			name = Products;
			sourceTree = "<group>";
		};
		74366F051FC6B88900CE6300 /* SmartAlbum */ = {
			isa = PBXGroup;
			children = (
				74366F301FC6F13000CE6300 /* ML */,
				74366F241FC6BE4F00CE6300 /* DB */,
				74366F1F1FC6BD5500CE6300 /* AlbumVC */,
				74366F181FC6BD1200CE6300 /* AlbumList */,
				7BF9A9951FC6EA9A0018F4E6 /* Viewer.swift */,
				7BF9A9931FC6E66F0018F4E6 /* ContentVC.swift */,
				74366F0A1FC6B88900CE6300 /* Main.storyboard */,
				74366F061FC6B88900CE6300 /* AppDelegate.swift */,
				7BF9A9971FC721940018F4E6 /* Date+Photo.swift */,
				74366F0D1FC6B88900CE6300 /* Assets.xcassets */,
				74366F0F1FC6B88900CE6300 /* LaunchScreen.storyboard */,
				74366F121FC6B88900CE6300 /* Info.plist */,
				74AA735D1FC6FBA400A5B37C /* TestVC.swift */,
			);
			path = SmartAlbum;
			sourceTree = "<group>";
		};
		74366F181FC6BD1200CE6300 /* AlbumList */ = {
			isa = PBXGroup;
			children = (
				74366F191FC6BD2700CE6300 /* AlbumDataModel.swift */,
				74366F1B1FC6BD2D00CE6300 /* AlbumListCell.swift */,
				74366F1D1FC6BD3700CE6300 /* AlbumListVC.swift */,
			);
			path = AlbumList;
			sourceTree = "<group>";
		};
		74366F1F1FC6BD5500CE6300 /* AlbumVC */ = {
			isa = PBXGroup;
			children = (
				7BF9A9911FC6E5120018F4E6 /* BaseVC.swift */,
				74366F201FC6BD6900CE6300 /* PictureCell.swift */,
				74366F221FC6BDB100CE6300 /* AlbumVC.swift */,
				7BF9A9841FC6C50D0018F4E6 /* PhotoLibrary.swift */,
			);
			path = AlbumVC;
			sourceTree = "<group>";
		};
		74366F241FC6BE4F00CE6300 /* DB */ = {
			isa = PBXGroup;
			children = (
				74366F251FC6BE5500CE6300 /* DBManager.swift */,
				74366F271FC6BE8600CE6300 /* Picture.swift */,
				74AA735B1FC6F66A00A5B37C /* LocationServices.swift */,
			);
			path = DB;
			sourceTree = "<group>";
		};
		74366F301FC6F13000CE6300 /* ML */ = {
			isa = PBXGroup;
			children = (
				74366F311FC6F13600CE6300 /* MobileNet.mlmodel */,
				74366F351FC6F14500CE6300 /* MLHelper.swift */,
			);
			path = ML;
			sourceTree = "<group>";
		};
		CD8BE36C72FC3F6995325E21 /* Pods */ = {
			isa = PBXGroup;
			children = (
				F8A9DCD180C3BB914CC637F1 /* Pods-SmartAlbum.debug.xcconfig */,
				44D6E1B28416DD013EB48959 /* Pods-SmartAlbum.release.xcconfig */,
			);
			name = Pods;
			sourceTree = "<group>";
		};
		E7A2A37F3970581D91EC1EEB /* Frameworks */ = {
			isa = PBXGroup;
			children = (
				F066B75137EAE8C052DF8F30 /* Pods_SmartAlbum.framework */,
			);
			name = Frameworks;
			sourceTree = "<group>";
		};
/* End PBXGroup section */

/* Begin PBXNativeTarget section */
		74366F021FC6B88900CE6300 /* SmartAlbum */ = {
			isa = PBXNativeTarget;
			buildConfigurationList = 74366F151FC6B88900CE6300 /* Build configuration list for PBXNativeTarget "SmartAlbum" */;
			buildPhases = (
				EE6E9C236095F4E6C08678D2 /* [CP] Check Pods Manifest.lock */,
				74366EFF1FC6B88900CE6300 /* Sources */,
				74366F001FC6B88900CE6300 /* Frameworks */,
				74366F011FC6B88900CE6300 /* Resources */,
				57E2A34CF6B436DA0345FDE2 /* [CP] Embed Pods Frameworks */,
				C66FAAA62CBA01B9BB3462CA /* [CP] Copy Pods Resources */,
				F38C41041FC6BBF600653921 /* Run Script - swiftlint */,
			);
			buildRules = (
			);
			dependencies = (
			);
			name = SmartAlbum;
			productName = SmartAlbum;
			productReference = 74366F031FC6B88900CE6300 /* SmartAlbum.app */;
			productType = "com.apple.product-type.application";
		};
/* End PBXNativeTarget section */

/* Begin PBXProject section */
		74366EFB1FC6B88900CE6300 /* Project object */ = {
			isa = PBXProject;
			attributes = {
				LastSwiftUpdateCheck = 0910;
				LastUpgradeCheck = 0910;
				ORGANIZATIONNAME = "SeonIl Kim";
				TargetAttributes = {
					74366F021FC6B88900CE6300 = {
						CreatedOnToolsVersion = 9.1;
						ProvisioningStyle = Automatic;
					};
				};
			};
			buildConfigurationList = 74366EFE1FC6B88900CE6300 /* Build configuration list for PBXProject "SmartAlbum" */;
			compatibilityVersion = "Xcode 8.0";
			developmentRegion = en;
			hasScannedForEncodings = 0;
			knownRegions = (
				en,
				Base,
			);
			mainGroup = 74366EFA1FC6B88900CE6300;
			productRefGroup = 74366F041FC6B88900CE6300 /* Products */;
			projectDirPath = "";
			projectRoot = "";
			targets = (
				74366F021FC6B88900CE6300 /* SmartAlbum */,
			);
		};
/* End PBXProject section */

/* Begin PBXResourcesBuildPhase section */
		74366F011FC6B88900CE6300 /* Resources */ = {
			isa = PBXResourcesBuildPhase;
			buildActionMask = 2147483647;
			files = (
				74366F111FC6B88900CE6300 /* LaunchScreen.storyboard in Resources */,
				74366F0E1FC6B88900CE6300 /* Assets.xcassets in Resources */,
				74366F0C1FC6B88900CE6300 /* Main.storyboard in Resources */,
			);
			runOnlyForDeploymentPostprocessing = 0;
		};
/* End PBXResourcesBuildPhase section */

/* Begin PBXShellScriptBuildPhase section */
		57E2A34CF6B436DA0345FDE2 /* [CP] Embed Pods Frameworks */ = {
			isa = PBXShellScriptBuildPhase;
			buildActionMask = 2147483647;
			files = (
			);
			inputPaths = (
				"${SRCROOT}/Pods/Target Support Files/Pods-SmartAlbum/Pods-SmartAlbum-frameworks.sh",
				"${BUILT_PRODUCTS_DIR}/Realm/Realm.framework",
				"${BUILT_PRODUCTS_DIR}/RealmSwift/RealmSwift.framework",
			);
			name = "[CP] Embed Pods Frameworks";
			outputPaths = (
				"${TARGET_BUILD_DIR}/${FRAMEWORKS_FOLDER_PATH}/Realm.framework",
				"${TARGET_BUILD_DIR}/${FRAMEWORKS_FOLDER_PATH}/RealmSwift.framework",
			);
			runOnlyForDeploymentPostprocessing = 0;
			shellPath = /bin/sh;
			shellScript = "\"${SRCROOT}/Pods/Target Support Files/Pods-SmartAlbum/Pods-SmartAlbum-frameworks.sh\"\n";
			showEnvVarsInLog = 0;
		};
		C66FAAA62CBA01B9BB3462CA /* [CP] Copy Pods Resources */ = {
			isa = PBXShellScriptBuildPhase;
			buildActionMask = 2147483647;
			files = (
			);
			inputPaths = (
			);
			name = "[CP] Copy Pods Resources";
			outputPaths = (
			);
			runOnlyForDeploymentPostprocessing = 0;
			shellPath = /bin/sh;
			shellScript = "\"${SRCROOT}/Pods/Target Support Files/Pods-SmartAlbum/Pods-SmartAlbum-resources.sh\"\n";
			showEnvVarsInLog = 0;
		};
		EE6E9C236095F4E6C08678D2 /* [CP] Check Pods Manifest.lock */ = {
			isa = PBXShellScriptBuildPhase;
			buildActionMask = 8;
			files = (
			);
			inputPaths = (
				"${PODS_PODFILE_DIR_PATH}/Podfile.lock",
				"${PODS_ROOT}/Manifest.lock",
			);
			name = "[CP] Check Pods Manifest.lock";
			outputPaths = (
				"$(DERIVED_FILE_DIR)/Pods-SmartAlbum-checkManifestLockResult.txt",
			);
			runOnlyForDeploymentPostprocessing = 1;
			shellPath = /bin/sh;
			shellScript = "diff \"${PODS_PODFILE_DIR_PATH}/Podfile.lock\" \"${PODS_ROOT}/Manifest.lock\" > /dev/null\nif [ $? != 0 ] ; then\n    # print error to STDERR\n    echo \"error: The sandbox is not in sync with the Podfile.lock. Run 'pod install' or update your CocoaPods installation.\" >&2\n    exit 1\nfi\n# This output is used by Xcode 'outputs' to avoid re-running this script phase.\necho \"SUCCESS\" > \"${SCRIPT_OUTPUT_FILE_0}\"\n";
			showEnvVarsInLog = 0;
		};
		F38C41041FC6BBF600653921 /* Run Script - swiftlint */ = {
			isa = PBXShellScriptBuildPhase;
			buildActionMask = 8;
			files = (
			);
			inputPaths = (
			);
			name = "Run Script - swiftlint";
			outputPaths = (
			);
			runOnlyForDeploymentPostprocessing = 1;
			shellPath = /bin/sh;
			shellScript = "swiftlint\n";
		};
/* End PBXShellScriptBuildPhase section */

/* Begin PBXSourcesBuildPhase section */
		74366EFF1FC6B88900CE6300 /* Sources */ = {
			isa = PBXSourcesBuildPhase;
			buildActionMask = 2147483647;
			files = (
				74366F281FC6BE8600CE6300 /* Picture.swift in Sources */,
				7BF9A9921FC6E5120018F4E6 /* BaseVC.swift in Sources */,
				7BF9A9941FC6E66F0018F4E6 /* ContentVC.swift in Sources */,
				74366F1E1FC6BD3700CE6300 /* AlbumListVC.swift in Sources */,
				74366F211FC6BD6900CE6300 /* PictureCell.swift in Sources */,
				74366F261FC6BE5500CE6300 /* DBManager.swift in Sources */,
				74366F361FC6F14500CE6300 /* MLHelper.swift in Sources */,
				74366F071FC6B88900CE6300 /* AppDelegate.swift in Sources */,
				74366F321FC6F13600CE6300 /* MobileNet.mlmodel in Sources */,
				7BF9A9851FC6C50D0018F4E6 /* PhotoLibrary.swift in Sources */,
				74366F1A1FC6BD2700CE6300 /* AlbumDataModel.swift in Sources */,
				7BF9A9981FC721940018F4E6 /* Date+Photo.swift in Sources */,
				74366F1C1FC6BD2D00CE6300 /* AlbumListCell.swift in Sources */,
				74AA735C1FC6F66A00A5B37C /* LocationServices.swift in Sources */,
				7BF9A9961FC6EA9A0018F4E6 /* Viewer.swift in Sources */,
				74AA735E1FC6FBA400A5B37C /* TestVC.swift in Sources */,
				74366F231FC6BDB100CE6300 /* AlbumVC.swift in Sources */,
			);
			runOnlyForDeploymentPostprocessing = 0;
		};
/* End PBXSourcesBuildPhase section */

/* Begin PBXVariantGroup section */
		74366F0A1FC6B88900CE6300 /* Main.storyboard */ = {
			isa = PBXVariantGroup;
			children = (
				74366F0B1FC6B88900CE6300 /* Base */,
			);
			name = Main.storyboard;
			sourceTree = "<group>";
		};
		74366F0F1FC6B88900CE6300 /* LaunchScreen.storyboard */ = {
			isa = PBXVariantGroup;
			children = (
				74366F101FC6B88900CE6300 /* Base */,
			);
			name = LaunchScreen.storyboard;
			sourceTree = "<group>";
		};
/* End PBXVariantGroup section */

/* Begin XCBuildConfiguration section */
		74366F131FC6B88900CE6300 /* Debug */ = {
			isa = XCBuildConfiguration;
			buildSettings = {
				ALWAYS_SEARCH_USER_PATHS = NO;
				CLANG_ANALYZER_NONNULL = YES;
				CLANG_ANALYZER_NUMBER_OBJECT_CONVERSION = YES_AGGRESSIVE;
				CLANG_CXX_LANGUAGE_STANDARD = "gnu++14";
				CLANG_CXX_LIBRARY = "libc++";
				CLANG_ENABLE_MODULES = YES;
				CLANG_ENABLE_OBJC_ARC = YES;
				CLANG_WARN_BLOCK_CAPTURE_AUTORELEASING = YES;
				CLANG_WARN_BOOL_CONVERSION = YES;
				CLANG_WARN_COMMA = YES;
				CLANG_WARN_CONSTANT_CONVERSION = YES;
				CLANG_WARN_DIRECT_OBJC_ISA_USAGE = YES_ERROR;
				CLANG_WARN_DOCUMENTATION_COMMENTS = YES;
				CLANG_WARN_EMPTY_BODY = YES;
				CLANG_WARN_ENUM_CONVERSION = YES;
				CLANG_WARN_INFINITE_RECURSION = YES;
				CLANG_WARN_INT_CONVERSION = YES;
				CLANG_WARN_NON_LITERAL_NULL_CONVERSION = YES;
				CLANG_WARN_OBJC_LITERAL_CONVERSION = YES;
				CLANG_WARN_OBJC_ROOT_CLASS = YES_ERROR;
				CLANG_WARN_RANGE_LOOP_ANALYSIS = YES;
				CLANG_WARN_STRICT_PROTOTYPES = YES;
				CLANG_WARN_SUSPICIOUS_MOVE = YES;
				CLANG_WARN_UNGUARDED_AVAILABILITY = YES_AGGRESSIVE;
				CLANG_WARN_UNREACHABLE_CODE = YES;
				CLANG_WARN__DUPLICATE_METHOD_MATCH = YES;
				CODE_SIGN_IDENTITY = "iPhone Developer";
				COPY_PHASE_STRIP = NO;
				DEBUG_INFORMATION_FORMAT = dwarf;
				ENABLE_STRICT_OBJC_MSGSEND = YES;
				ENABLE_TESTABILITY = YES;
				GCC_C_LANGUAGE_STANDARD = gnu11;
				GCC_DYNAMIC_NO_PIC = NO;
				GCC_NO_COMMON_BLOCKS = YES;
				GCC_OPTIMIZATION_LEVEL = 0;
				GCC_PREPROCESSOR_DEFINITIONS = (
					"DEBUG=1",
					"$(inherited)",
				);
				GCC_WARN_64_TO_32_BIT_CONVERSION = YES;
				GCC_WARN_ABOUT_RETURN_TYPE = YES_ERROR;
				GCC_WARN_UNDECLARED_SELECTOR = YES;
				GCC_WARN_UNINITIALIZED_AUTOS = YES_AGGRESSIVE;
				GCC_WARN_UNUSED_FUNCTION = YES;
				GCC_WARN_UNUSED_VARIABLE = YES;
				IPHONEOS_DEPLOYMENT_TARGET = 11.1;
				MTL_ENABLE_DEBUG_INFO = YES;
				ONLY_ACTIVE_ARCH = YES;
				SDKROOT = iphoneos;
				SWIFT_ACTIVE_COMPILATION_CONDITIONS = DEBUG;
				SWIFT_OPTIMIZATION_LEVEL = "-Onone";
			};
			name = Debug;
		};
		74366F141FC6B88900CE6300 /* Release */ = {
			isa = XCBuildConfiguration;
			buildSettings = {
				ALWAYS_SEARCH_USER_PATHS = NO;
				CLANG_ANALYZER_NONNULL = YES;
				CLANG_ANALYZER_NUMBER_OBJECT_CONVERSION = YES_AGGRESSIVE;
				CLANG_CXX_LANGUAGE_STANDARD = "gnu++14";
				CLANG_CXX_LIBRARY = "libc++";
				CLANG_ENABLE_MODULES = YES;
				CLANG_ENABLE_OBJC_ARC = YES;
				CLANG_WARN_BLOCK_CAPTURE_AUTORELEASING = YES;
				CLANG_WARN_BOOL_CONVERSION = YES;
				CLANG_WARN_COMMA = YES;
				CLANG_WARN_CONSTANT_CONVERSION = YES;
				CLANG_WARN_DIRECT_OBJC_ISA_USAGE = YES_ERROR;
				CLANG_WARN_DOCUMENTATION_COMMENTS = YES;
				CLANG_WARN_EMPTY_BODY = YES;
				CLANG_WARN_ENUM_CONVERSION = YES;
				CLANG_WARN_INFINITE_RECURSION = YES;
				CLANG_WARN_INT_CONVERSION = YES;
				CLANG_WARN_NON_LITERAL_NULL_CONVERSION = YES;
				CLANG_WARN_OBJC_LITERAL_CONVERSION = YES;
				CLANG_WARN_OBJC_ROOT_CLASS = YES_ERROR;
				CLANG_WARN_RANGE_LOOP_ANALYSIS = YES;
				CLANG_WARN_STRICT_PROTOTYPES = YES;
				CLANG_WARN_SUSPICIOUS_MOVE = YES;
				CLANG_WARN_UNGUARDED_AVAILABILITY = YES_AGGRESSIVE;
				CLANG_WARN_UNREACHABLE_CODE = YES;
				CLANG_WARN__DUPLICATE_METHOD_MATCH = YES;
				CODE_SIGN_IDENTITY = "iPhone Developer";
				COPY_PHASE_STRIP = NO;
				DEBUG_INFORMATION_FORMAT = "dwarf-with-dsym";
				ENABLE_NS_ASSERTIONS = NO;
				ENABLE_STRICT_OBJC_MSGSEND = YES;
				GCC_C_LANGUAGE_STANDARD = gnu11;
				GCC_NO_COMMON_BLOCKS = YES;
				GCC_WARN_64_TO_32_BIT_CONVERSION = YES;
				GCC_WARN_ABOUT_RETURN_TYPE = YES_ERROR;
				GCC_WARN_UNDECLARED_SELECTOR = YES;
				GCC_WARN_UNINITIALIZED_AUTOS = YES_AGGRESSIVE;
				GCC_WARN_UNUSED_FUNCTION = YES;
				GCC_WARN_UNUSED_VARIABLE = YES;
				IPHONEOS_DEPLOYMENT_TARGET = 11.1;
				MTL_ENABLE_DEBUG_INFO = NO;
				SDKROOT = iphoneos;
				SWIFT_OPTIMIZATION_LEVEL = "-Owholemodule";
				VALIDATE_PRODUCT = YES;
			};
			name = Release;
		};
		74366F161FC6B88900CE6300 /* Debug */ = {
			isa = XCBuildConfiguration;
			baseConfigurationReference = F8A9DCD180C3BB914CC637F1 /* Pods-SmartAlbum.debug.xcconfig */;
			buildSettings = {
				ASSETCATALOG_COMPILER_APPICON_NAME = AppIcon;
				CODE_SIGN_STYLE = Automatic;
				DEVELOPMENT_TEAM = SB46A3BWSY;
				INFOPLIST_FILE = SmartAlbum/Info.plist;
				LD_RUNPATH_SEARCH_PATHS = "$(inherited) @executable_path/Frameworks";
				PRODUCT_BUNDLE_IDENTIFIER = s1s1s1.tistory.com.SmartAlbum;
				PRODUCT_NAME = "$(TARGET_NAME)";
				SWIFT_VERSION = 4.0;
				TARGETED_DEVICE_FAMILY = "1,2";
			};
			name = Debug;
		};
		74366F171FC6B88900CE6300 /* Release */ = {
			isa = XCBuildConfiguration;
			baseConfigurationReference = 44D6E1B28416DD013EB48959 /* Pods-SmartAlbum.release.xcconfig */;
			buildSettings = {
				ASSETCATALOG_COMPILER_APPICON_NAME = AppIcon;
				CODE_SIGN_STYLE = Automatic;
				DEVELOPMENT_TEAM = SB46A3BWSY;
				INFOPLIST_FILE = SmartAlbum/Info.plist;
				LD_RUNPATH_SEARCH_PATHS = "$(inherited) @executable_path/Frameworks";
				PRODUCT_BUNDLE_IDENTIFIER = s1s1s1.tistory.com.SmartAlbum;
				PRODUCT_NAME = "$(TARGET_NAME)";
				SWIFT_VERSION = 4.0;
				TARGETED_DEVICE_FAMILY = "1,2";
			};
			name = Release;
		};
/* End XCBuildConfiguration section */

/* Begin XCConfigurationList section */
		74366EFE1FC6B88900CE6300 /* Build configuration list for PBXProject "SmartAlbum" */ = {
			isa = XCConfigurationList;
			buildConfigurations = (
				74366F131FC6B88900CE6300 /* Debug */,
				74366F141FC6B88900CE6300 /* Release */,
			);
			defaultConfigurationIsVisible = 0;
			defaultConfigurationName = Release;
		};
		74366F151FC6B88900CE6300 /* Build configuration list for PBXNativeTarget "SmartAlbum" */ = {
			isa = XCConfigurationList;
			buildConfigurations = (
				74366F161FC6B88900CE6300 /* Debug */,
				74366F171FC6B88900CE6300 /* Release */,
			);
			defaultConfigurationIsVisible = 0;
			defaultConfigurationName = Release;
		};
/* End XCConfigurationList section */
	};
	rootObject = 74366EFB1FC6B88900CE6300 /* Project object */;
}
